
Microsoft Visual Studio Solution File, Format Version 12.00
# Visual Studio 15
VisualStudioVersion = 15.0.28010.2026
MinimumVisualStudioVersion = 10.0.40219.1
Project("{FAE04EC0-301F-11D3-BF4B-00C04F79EFBC}") = "ArrayBackWards", "ArrayBackWards\ArrayBackWards.csproj", "{AEDD9BE9-DD73-4B63-8247-7B0B24B21C0A}"
EndProject
Global
	GlobalSection(SolutionConfigurationPlatforms) = preSolution
		Debug|Any CPU = Debug|Any CPU
		Release|Any CPU = Release|Any CPU
	EndGlobalSection
	GlobalSection(ProjectConfigurationPlatforms) = postSolution
		{AEDD9BE9-DD73-4B63-8247-7B0B24B21C0A}.Debug|Any CPU.ActiveCfg = Debug|Any CPU
		{AEDD9BE9-DD73-4B63-8247-7B0B24B21C0A}.Debug|Any CPU.Build.0 = Debug|Any CPU
		{AEDD9BE9-DD73-4B63-8247-7B0B24B21C0A}.Release|Any CPU.ActiveCfg = Release|Any CPU
		{AEDD9BE9-DD73-4B63-8247-7B0B24B21C0A}.Release|Any CPU.Build.0 = Release|Any CPU
	EndGlobalSection
	GlobalSection(SolutionProperties) = preSolution
		HideSolutionNode = FALSE
	EndGlobalSection
	GlobalSection(ExtensibilityGlobals) = postSolution
		SolutionGuid = {6F8C58DC-F68C-4FF7-875E-9E2D496BA57E}
	EndGlobalSection
EndGlobal
